
Microsoft Visual Studio Solution File, Format Version 12.00
# Visual Studio Version 16
VisualStudioVersion = 16.0.30320.27
MinimumVisualStudioVersion = 10.0.40219.1
Project("{FAE04EC0-301F-11D3-BF4B-00C04F79EFBC}") = "KMF.ISMSC.API", "KMF.ISMSC.API\KMF.ISMSC.API.csproj", "{2D83E2A7-9155-4BCF-B518-FE4AF9950DC9}"
EndProject
Global
	GlobalSection(SolutionConfigurationPlatforms) = preSolution
		Debug|Any CPU = Debug|Any CPU
		Release|Any CPU = Release|Any CPU
	EndGlobalSection
	GlobalSection(ProjectConfigurationPlatforms) = postSolution
		{2D83E2A7-9155-4BCF-B518-FE4AF9950DC9}.Debug|Any CPU.ActiveCfg = Debug|Any CPU
		{2D83E2A7-9155-4BCF-B518-FE4AF9950DC9}.Debug|Any CPU.Build.0 = Debug|Any CPU
		{2D83E2A7-9155-4BCF-B518-FE4AF9950DC9}.Release|Any CPU.ActiveCfg = Release|Any CPU
		{2D83E2A7-9155-4BCF-B518-FE4AF9950DC9}.Release|Any CPU.Build.0 = Release|Any CPU
	EndGlobalSection
	GlobalSection(SolutionProperties) = preSolution
		HideSolutionNode = FALSE
	EndGlobalSection
	GlobalSection(ExtensibilityGlobals) = postSolution
		SolutionGuid = {DB536B27-C5C7-440F-AA75-D5AE3FBF431A}
	EndGlobalSection
EndGlobal
